
Microsoft Visual Studio Solution File, Format Version 12.00
# Visual Studio 14
VisualStudioVersion = 14.0.25123.0
MinimumVisualStudioVersion = 10.0.40219.1
Project("{FAE04EC0-301F-11D3-BF4B-00C04F79EFBC}") = "XmlLongLinesSplitter", "XmlLongLinesSplitter\XmlLongLinesSplitter.csproj", "{7137B2A9-5E2B-4810-812D-104928F65F62}"
EndProject
Project("{2150E333-8FDC-42A3-9474-1A3956D46DE8}") = "Solution Items", "Solution Items", "{8967702C-9787-4F1B-A454-94CFA1E01738}"
	ProjectSection(SolutionItems) = preProject
		README.md = README.md
	EndProjectSection
EndProject
Global
	GlobalSection(SolutionConfigurationPlatforms) = preSolution
		Debug|Any CPU = Debug|Any CPU
		Release|Any CPU = Release|Any CPU
	EndGlobalSection
	GlobalSection(ProjectConfigurationPlatforms) = postSolution
		{7137B2A9-5E2B-4810-812D-104928F65F62}.Debug|Any CPU.ActiveCfg = Debug|Any CPU
		{7137B2A9-5E2B-4810-812D-104928F65F62}.Debug|Any CPU.Build.0 = Debug|Any CPU
		{7137B2A9-5E2B-4810-812D-104928F65F62}.Release|Any CPU.ActiveCfg = Release|Any CPU
		{7137B2A9-5E2B-4810-812D-104928F65F62}.Release|Any CPU.Build.0 = Release|Any CPU
	EndGlobalSection
	GlobalSection(SolutionProperties) = preSolution
		HideSolutionNode = FALSE
	EndGlobalSection
EndGlobal
